
Microsoft Visual Studio Solution File, Format Version 12.00
# Visual Studio Version 17
VisualStudioVersion = 17.10.35122.118
MinimumVisualStudioVersion = 10.0.40219.1
Project("{9A19103F-16F7-4668-BE54-9A1E7A4F7556}") = "DemoApp", "DemoApp.csproj", "{42EFBD75-4515-460C-9CEC-060FF9C85B25}"
EndProject
Project("{FAE04EC0-301F-11D3-BF4B-00C04F79EFBC}") = "DemoAppTests", "..\DemoAppTests\DemoAppTests.csproj", "{22A61C08-217B-45DB-97B6-D82554692991}"
EndProject
Global
	GlobalSection(SolutionConfigurationPlatforms) = preSolution
		Debug|Any CPU = Debug|Any CPU
		Release|Any CPU = Release|Any CPU
	EndGlobalSection
	GlobalSection(ProjectConfigurationPlatforms) = postSolution
		{42EFBD75-4515-460C-9CEC-060FF9C85B25}.Debug|Any CPU.ActiveCfg = Debug|Any CPU
		{42EFBD75-4515-460C-9CEC-060FF9C85B25}.Debug|Any CPU.Build.0 = Debug|Any CPU
		{42EFBD75-4515-460C-9CEC-060FF9C85B25}.Release|Any CPU.ActiveCfg = Release|Any CPU
		{42EFBD75-4515-460C-9CEC-060FF9C85B25}.Release|Any CPU.Build.0 = Release|Any CPU
		{22A61C08-217B-45DB-97B6-D82554692991}.Debug|Any CPU.ActiveCfg = Debug|Any CPU
		{22A61C08-217B-45DB-97B6-D82554692991}.Debug|Any CPU.Build.0 = Debug|Any CPU
		{22A61C08-217B-45DB-97B6-D82554692991}.Release|Any CPU.ActiveCfg = Release|Any CPU
		{22A61C08-217B-45DB-97B6-D82554692991}.Release|Any CPU.Build.0 = Release|Any CPU
	EndGlobalSection
	GlobalSection(SolutionProperties) = preSolution
		HideSolutionNode = FALSE
	EndGlobalSection
	GlobalSection(ExtensibilityGlobals) = postSolution
		SolutionGuid = {1AC7522E-5835-4474-874A-BEC3291727A1}
	EndGlobalSection
EndGlobal
